<?xml version="1.0" encoding="utf-8"?>
<Project ToolsVersion="4.0" xmlns="http://schemas.microsoft.com/developer/msbuild/2003">
  <ItemGroup>
    <Filter Include="Source Files">
      <UniqueIdentifier>{4FC737F1-C7A5-4376-A066-2A32D752A2FF}</UniqueIdentifier>
      <Extensions>cpp;c;cc;cxx;c++;cppm;ixx;def;odl;idl;hpj;bat;asm;asmx</Extensions>
    </Filter>
    <Filter Include="Header Files">
      <UniqueIdentifier>{93995380-89BD-4b04-88EB-625FBE52EBFB}</UniqueIdentifier>
      <Extensions>h;hh;hpp;hxx;h++;hm;inl;inc;ipp;xsd</Extensions>
    </Filter>
    <Filter Include="Resource Files">
      <UniqueIdentifier>{67DA6AB6-F800-4c08-8B7A-83BB121AAD01}</UniqueIdentifier>
      <Extensions>rc;ico;cur;bmp;dlg;rc2;rct;bin;rgs;gif;jpg;jpeg;jpe;resx;tiff;tif;png;wav;mfcribbon-ms</Extensions>
    </Filter>
    <Filter Include="Source Files\Genetics">
      <UniqueIdentifier>{516936af-7485-4b03-b592-d85fd29db111}</UniqueIdentifier>
    </Filter>
    <Filter Include="Header Files\Genetics">
      <UniqueIdentifier>{6eb26941-6088-4351-867f-47b4a71c8a67}</UniqueIdentifier>
    </Filter>
  </ItemGroup>
  <ItemGroup>
    <ClCompile Include="main.cpp">
      <Filter>Source Files</Filter>
    </ClCompile>
    <ClCompile Include="cell.cpp">
      <Filter>Source Files</Filter>
    </ClCompile>
    <ClCompile Include="DNA.cpp">
      <Filter>Source Files\Genetics</Filter>
    </ClCompile>
    <ClCompile Include="gene.cpp">
      <Filter>Source Files\Genetics</Filter>
    </ClCompile>
    <ClCompile Include="geneticcalculator.cpp">
      <Filter>Source Files\Genetics</Filter>
    </ClCompile>
  </ItemGroup>
  <ItemGroup>
    <ClInclude Include="cell.h">
      <Filter>Header Files</Filter>
    </ClInclude>
    <ClInclude Include="DNA.h">
      <Filter>Header Files\Genetics</Filter>
    </ClInclude>
    <ClInclude Include="gene.h">
      <Filter>Header Files\Genetics</Filter>
    </ClInclude>
    <ClInclude Include="geneticcalculator.h">
      <Filter>Header Files\Genetics</Filter>
    </ClInclude>
  </ItemGroup>
</Project>